// !$*UTF8*$!
{
	archiveVersion = 1;
	classes = {
	};
	objectVersion = 54;
	objects = {

/* Begin PBXBuildFile section */
		00E356F31AD99517003FC87E /* potato_wiseTests.m in Sources */ = {isa = PBXBuildFile; fileRef = 00E356F21AD99517003FC87E /* potato_wiseTests.m */; };
		0415A6FF2A85186400B9000B /* Fontisto.ttf in Resources */ = {isa = PBXBuildFile; fileRef = 0415A6EC2A85186300B9000B /* Fontisto.ttf */; };
		0415A7002A85186400B9000B /* Octicons.ttf in Resources */ = {isa = PBXBuildFile; fileRef = 0415A6ED2A85186300B9000B /* Octicons.ttf */; };
		0415A7012A85186400B9000B /* Feather.ttf in Resources */ = {isa = PBXBuildFile; fileRef = 0415A6EE2A85186300B9000B /* Feather.ttf */; };
		0415A7022A85186400B9000B /* FontAwesome6_Regular.ttf in Resources */ = {isa = PBXBuildFile; fileRef = 0415A6EF2A85186300B9000B /* FontAwesome6_Regular.ttf */; };
		0415A7032A85186400B9000B /* Entypo.ttf in Resources */ = {isa = PBXBuildFile; fileRef = 0415A6F02A85186300B9000B /* Entypo.ttf */; };
		0415A7042A85186400B9000B /* FontAwesome5_Brands.ttf in Resources */ = {isa = PBXBuildFile; fileRef = 0415A6F12A85186300B9000B /* FontAwesome5_Brands.ttf */; };
		0415A7052A85186400B9000B /* MaterialCommunityIcons.ttf in Resources */ = {isa = PBXBuildFile; fileRef = 0415A6F22A85186300B9000B /* MaterialCommunityIcons.ttf */; };
		0415A7062A85186400B9000B /* AntDesign.ttf in Resources */ = {isa = PBXBuildFile; fileRef = 0415A6F32A85186300B9000B /* AntDesign.ttf */; };
		0415A7072A85186400B9000B /* Foundation.ttf in Resources */ = {isa = PBXBuildFile; fileRef = 0415A6F42A85186300B9000B /* Foundation.ttf */; };
		0415A7082A85186400B9000B /* Ionicons.ttf in Resources */ = {isa = PBXBuildFile; fileRef = 0415A6F52A85186300B9000B /* Ionicons.ttf */; };
		0415A7092A85186400B9000B /* FontAwesome5_Solid.ttf in Resources */ = {isa = PBXBuildFile; fileRef = 0415A6F62A85186300B9000B /* FontAwesome5_Solid.ttf */; };
		0415A70A2A85186400B9000B /* FontAwesome5_Regular.ttf in Resources */ = {isa = PBXBuildFile; fileRef = 0415A6F72A85186300B9000B /* FontAwesome5_Regular.ttf */; };
		0415A70B2A85186400B9000B /* FontAwesome.ttf in Resources */ = {isa = PBXBuildFile; fileRef = 0415A6F82A85186300B9000B /* FontAwesome.ttf */; };
		0415A70C2A85186400B9000B /* Zocial.ttf in Resources */ = {isa = PBXBuildFile; fileRef = 0415A6F92A85186300B9000B /* Zocial.ttf */; };
		0415A70D2A85186400B9000B /* EvilIcons.ttf in Resources */ = {isa = PBXBuildFile; fileRef = 0415A6FA2A85186300B9000B /* EvilIcons.ttf */; };
		0415A70E2A85186400B9000B /* FontAwesome6_Solid.ttf in Resources */ = {isa = PBXBuildFile; fileRef = 0415A6FB2A85186300B9000B /* FontAwesome6_Solid.ttf */; };
		0415A70F2A85186400B9000B /* SimpleLineIcons.ttf in Resources */ = {isa = PBXBuildFile; fileRef = 0415A6FC2A85186300B9000B /* SimpleLineIcons.ttf */; };
		0415A7102A85186400B9000B /* FontAwesome6_Brands.ttf in Resources */ = {isa = PBXBuildFile; fileRef = 0415A6FD2A85186300B9000B /* FontAwesome6_Brands.ttf */; };
		0415A7112A85186400B9000B /* MaterialIcons.ttf in Resources */ = {isa = PBXBuildFile; fileRef = 0415A6FE2A85186300B9000B /* MaterialIcons.ttf */; };
		09CCC246FCA146B1AC2467AB /* Roboto-MediumItalic.ttf in Resources */ = {isa = PBXBuildFile; fileRef = 37E34475FB0540D99DF8E38D /* Roboto-MediumItalic.ttf */; };
		0C80B921A6F3F58F76C31292 /* libPods-potato_wise.a in Frameworks */ = {isa = PBXBuildFile; fileRef = 5DCACB8F33CDC322A6C60F78 /* libPods-potato_wise.a */; };
		13B07FBC1A68108700A75B9A /* AppDelegate.mm in Sources */ = {isa = PBXBuildFile; fileRef = 13B07FB01A68108700A75B9A /* AppDelegate.mm */; };
		13B07FBF1A68108700A75B9A /* Images.xcassets in Resources */ = {isa = PBXBuildFile; fileRef = 13B07FB51A68108700A75B9A /* Images.xcassets */; };
		13B07FC11A68108700A75B9A /* main.m in Sources */ = {isa = PBXBuildFile; fileRef = 13B07FB71A68108700A75B9A /* main.m */; };
		153FE7BF291E416393D8F180 /* Roboto-BlackItalic.ttf in Resources */ = {isa = PBXBuildFile; fileRef = 84203B0F715C4C408B209D56 /* Roboto-BlackItalic.ttf */; };
		1FB85B0371EB4FB28DCB12B4 /* Roboto-Medium.ttf in Resources */ = {isa = PBXBuildFile; fileRef = E528DC2A8B2B438EA72289AD /* Roboto-Medium.ttf */; };
		50DBC8F3570B414DAE665DD4 /* Roboto-Black.ttf in Resources */ = {isa = PBXBuildFile; fileRef = 7487BF89C4FE4F4087636A70 /* Roboto-Black.ttf */; };
		51ABD0E8600D4F889FC55012 /* Roboto-Thin.ttf in Resources */ = {isa = PBXBuildFile; fileRef = DA55ED07A9A94CDBAB7D9E36 /* Roboto-Thin.ttf */; };
		5AABCA8569A04E6097167278 /* Roboto-LightItalic.ttf in Resources */ = {isa = PBXBuildFile; fileRef = 647D48A05BF0400B8FA1624B /* Roboto-LightItalic.ttf */; };
		5D92B19477DF482FAF2A9B54 /* Roboto-BoldItalic.ttf in Resources */ = {isa = PBXBuildFile; fileRef = 1462D23A759B460AA3E8287A /* Roboto-BoldItalic.ttf */; };
		7699B88040F8A987B510C191 /* libPods-potato_wise-potato_wiseTests.a in Frameworks */ = {isa = PBXBuildFile; fileRef = 19F6CBCC0A4E27FBF8BF4A61 /* libPods-potato_wise-potato_wiseTests.a */; };
		77916DC1E697402D85B0F5D7 /* Roboto-Light.ttf in Resources */ = {isa = PBXBuildFile; fileRef = CCB45C84CB3E437D9D9F0F4B /* Roboto-Light.ttf */; };
		7989955D9EC041BE9BEA51F3 /* index.js in Resources */ = {isa = PBXBuildFile; fileRef = 5A18F1FE1B3449D383C6063A /* index.js */; };
		81AB9BB82411601600AC10FF /* LaunchScreen.storyboard in Resources */ = {isa = PBXBuildFile; fileRef = 81AB9BB72411601600AC10FF /* LaunchScreen.storyboard */; };
		832159115CBC4443B0FFD934 /* Roboto-Regular.ttf in Resources */ = {isa = PBXBuildFile; fileRef = 25110A5E4AE240368CF35B89 /* Roboto-Regular.ttf */; };
		9C430CB4372D4480AAAB42C3 /* Roboto-Italic.ttf in Resources */ = {isa = PBXBuildFile; fileRef = B251CCE4BC574305BFBB73AE /* Roboto-Italic.ttf */; };
		DBC8C244759D4483B023A05C /* Roboto-Bold.ttf in Resources */ = {isa = PBXBuildFile; fileRef = EFD13C1612CC4E12B30095AA /* Roboto-Bold.ttf */; };
		FB1F74112F4F4F72ABC9DBFC /* Roboto-ThinItalic.ttf in Resources */ = {isa = PBXBuildFile; fileRef = E1836B5181B54E30BC56C305 /* Roboto-ThinItalic.ttf */; };
/* End PBXBuildFile section */

/* Begin PBXContainerItemProxy section */
		00E356F41AD99517003FC87E /* PBXContainerItemProxy */ = {
			isa = PBXContainerItemProxy;
			containerPortal = 83CBB9F71A601CBA00E9B192 /* Project object */;
			proxyType = 1;
			remoteGlobalIDString = 13B07F861A680F5B00A75B9A;
			remoteInfo = potato_wise;
		};
		0487800A2A8432610004BB42 /* PBXContainerItemProxy */ = {
			isa = PBXContainerItemProxy;
			containerPortal = 048780062A8432610004BB42 /* SplashScreen.xcodeproj */;
			proxyType = 2;
			remoteGlobalIDString = 3D7682761D8E76B80014119E;
			remoteInfo = SplashScreen;
		};
/* End PBXContainerItemProxy section */

/* Begin PBXFileReference section */
		00E356EE1AD99517003FC87E /* potato_wiseTests.xctest */ = {isa = PBXFileReference; explicitFileType = wrapper.cfbundle; includeInIndex = 0; path = potato_wiseTests.xctest; sourceTree = BUILT_PRODUCTS_DIR; };
		00E356F11AD99517003FC87E /* Info.plist */ = {isa = PBXFileReference; lastKnownFileType = text.plist.xml; path = Info.plist; sourceTree = "<group>"; };
		00E356F21AD99517003FC87E /* potato_wiseTests.m */ = {isa = PBXFileReference; lastKnownFileType = sourcecode.c.objc; path = potato_wiseTests.m; sourceTree = "<group>"; };
		0415A6EC2A85186300B9000B /* Fontisto.ttf */ = {isa = PBXFileReference; lastKnownFileType = file; path = Fontisto.ttf; sourceTree = "<group>"; };
		0415A6ED2A85186300B9000B /* Octicons.ttf */ = {isa = PBXFileReference; lastKnownFileType = file; path = Octicons.ttf; sourceTree = "<group>"; };
		0415A6EE2A85186300B9000B /* Feather.ttf */ = {isa = PBXFileReference; lastKnownFileType = file; path = Feather.ttf; sourceTree = "<group>"; };
		0415A6EF2A85186300B9000B /* FontAwesome6_Regular.ttf */ = {isa = PBXFileReference; lastKnownFileType = file; path = FontAwesome6_Regular.ttf; sourceTree = "<group>"; };
		0415A6F02A85186300B9000B /* Entypo.ttf */ = {isa = PBXFileReference; lastKnownFileType = file; path = Entypo.ttf; sourceTree = "<group>"; };
		0415A6F12A85186300B9000B /* FontAwesome5_Brands.ttf */ = {isa = PBXFileReference; lastKnownFileType = file; path = FontAwesome5_Brands.ttf; sourceTree = "<group>"; };
		0415A6F22A85186300B9000B /* MaterialCommunityIcons.ttf */ = {isa = PBXFileReference; lastKnownFileType = file; path = MaterialCommunityIcons.ttf; sourceTree = "<group>"; };
		0415A6F32A85186300B9000B /* AntDesign.ttf */ = {isa = PBXFileReference; lastKnownFileType = file; path = AntDesign.ttf; sourceTree = "<group>"; };
		0415A6F42A85186300B9000B /* Foundation.ttf */ = {isa = PBXFileReference; lastKnownFileType = file; path = Foundation.ttf; sourceTree = "<group>"; };
		0415A6F52A85186300B9000B /* Ionicons.ttf */ = {isa = PBXFileReference; lastKnownFileType = file; path = Ionicons.ttf; sourceTree = "<group>"; };
		0415A6F62A85186300B9000B /* FontAwesome5_Solid.ttf */ = {isa = PBXFileReference; lastKnownFileType = file; path = FontAwesome5_Solid.ttf; sourceTree = "<group>"; };
		0415A6F72A85186300B9000B /* FontAwesome5_Regular.ttf */ = {isa = PBXFileReference; lastKnownFileType = file; path = FontAwesome5_Regular.ttf; sourceTree = "<group>"; };
		0415A6F82A85186300B9000B /* FontAwesome.ttf */ = {isa = PBXFileReference; lastKnownFileType = file; path = FontAwesome.ttf; sourceTree = "<group>"; };
		0415A6F92A85186300B9000B /* Zocial.ttf */ = {isa = PBXFileReference; lastKnownFileType = file; path = Zocial.ttf; sourceTree = "<group>"; };
		0415A6FA2A85186300B9000B /* EvilIcons.ttf */ = {isa = PBXFileReference; lastKnownFileType = file; path = EvilIcons.ttf; sourceTree = "<group>"; };
		0415A6FB2A85186300B9000B /* FontAwesome6_Solid.ttf */ = {isa = PBXFileReference; lastKnownFileType = file; path = FontAwesome6_Solid.ttf; sourceTree = "<group>"; };
		0415A6FC2A85186300B9000B /* SimpleLineIcons.ttf */ = {isa = PBXFileReference; lastKnownFileType = file; path = SimpleLineIcons.ttf; sourceTree = "<group>"; };
		0415A6FD2A85186300B9000B /* FontAwesome6_Brands.ttf */ = {isa = PBXFileReference; lastKnownFileType = file; path = FontAwesome6_Brands.ttf; sourceTree = "<group>"; };
		0415A6FE2A85186300B9000B /* MaterialIcons.ttf */ = {isa = PBXFileReference; lastKnownFileType = file; path = MaterialIcons.ttf; sourceTree = "<group>"; };
		048780062A8432610004BB42 /* SplashScreen.xcodeproj */ = {isa = PBXFileReference; lastKnownFileType = "wrapper.pb-project"; name = SplashScreen.xcodeproj; path = "../node_modules/react-native-splash-screen/ios/SplashScreen.xcodeproj"; sourceTree = "<group>"; };
		13B07F961A680F5B00A75B9A /* potato_wise.app */ = {isa = PBXFileReference; explicitFileType = wrapper.application; includeInIndex = 0; path = potato_wise.app; sourceTree = BUILT_PRODUCTS_DIR; };
		13B07FAF1A68108700A75B9A /* AppDelegate.h */ = {isa = PBXFileReference; fileEncoding = 4; lastKnownFileType = sourcecode.c.h; name = AppDelegate.h; path = potato_wise/AppDelegate.h; sourceTree = "<group>"; };
		13B07FB01A68108700A75B9A /* AppDelegate.mm */ = {isa = PBXFileReference; fileEncoding = 4; lastKnownFileType = sourcecode.cpp.objcpp; name = AppDelegate.mm; path = potato_wise/AppDelegate.mm; sourceTree = "<group>"; };
		13B07FB51A68108700A75B9A /* Images.xcassets */ = {isa = PBXFileReference; lastKnownFileType = folder.assetcatalog; name = Images.xcassets; path = potato_wise/Images.xcassets; sourceTree = "<group>"; };
		13B07FB61A68108700A75B9A /* Info.plist */ = {isa = PBXFileReference; fileEncoding = 4; lastKnownFileType = text.plist.xml; name = Info.plist; path = potato_wise/Info.plist; sourceTree = "<group>"; };
		13B07FB71A68108700A75B9A /* main.m */ = {isa = PBXFileReference; fileEncoding = 4; lastKnownFileType = sourcecode.c.objc; name = main.m; path = potato_wise/main.m; sourceTree = "<group>"; };
		1462D23A759B460AA3E8287A /* Roboto-BoldItalic.ttf */ = {isa = PBXFileReference; explicitFileType = undefined; fileEncoding = 9; includeInIndex = 0; lastKnownFileType = unknown; name = "Roboto-BoldItalic.ttf"; path = "../src/utils/themes/fonts/Roboto-BoldItalic.ttf"; sourceTree = "<group>"; };
		19F6CBCC0A4E27FBF8BF4A61 /* libPods-potato_wise-potato_wiseTests.a */ = {isa = PBXFileReference; explicitFileType = archive.ar; includeInIndex = 0; path = "libPods-potato_wise-potato_wiseTests.a"; sourceTree = BUILT_PRODUCTS_DIR; };
		25110A5E4AE240368CF35B89 /* Roboto-Regular.ttf */ = {isa = PBXFileReference; explicitFileType = undefined; fileEncoding = 9; includeInIndex = 0; lastKnownFileType = unknown; name = "Roboto-Regular.ttf"; path = "../src/utils/themes/fonts/Roboto-Regular.ttf"; sourceTree = "<group>"; };
		37E34475FB0540D99DF8E38D /* Roboto-MediumItalic.ttf */ = {isa = PBXFileReference; explicitFileType = undefined; fileEncoding = 9; includeInIndex = 0; lastKnownFileType = unknown; name = "Roboto-MediumItalic.ttf"; path = "../src/utils/themes/fonts/Roboto-MediumItalic.ttf"; sourceTree = "<group>"; };
		3B4392A12AC88292D35C810B /* Pods-potato_wise.debug.xcconfig */ = {isa = PBXFileReference; includeInIndex = 1; lastKnownFileType = text.xcconfig; name = "Pods-potato_wise.debug.xcconfig"; path = "Target Support Files/Pods-potato_wise/Pods-potato_wise.debug.xcconfig"; sourceTree = "<group>"; };
		5709B34CF0A7D63546082F79 /* Pods-potato_wise.release.xcconfig */ = {isa = PBXFileReference; includeInIndex = 1; lastKnownFileType = text.xcconfig; name = "Pods-potato_wise.release.xcconfig"; path = "Target Support Files/Pods-potato_wise/Pods-potato_wise.release.xcconfig"; sourceTree = "<group>"; };
		5A18F1FE1B3449D383C6063A /* index.js */ = {isa = PBXFileReference; explicitFileType = undefined; fileEncoding = 9; includeInIndex = 0; lastKnownFileType = unknown; name = index.js; path = ../src/utils/themes/fonts/index.js; sourceTree = "<group>"; };
		5B7EB9410499542E8C5724F5 /* Pods-potato_wise-potato_wiseTests.debug.xcconfig */ = {isa = PBXFileReference; includeInIndex = 1; lastKnownFileType = text.xcconfig; name = "Pods-potato_wise-potato_wiseTests.debug.xcconfig"; path = "Target Support Files/Pods-potato_wise-potato_wiseTests/Pods-potato_wise-potato_wiseTests.debug.xcconfig"; sourceTree = "<group>"; };
		5DCACB8F33CDC322A6C60F78 /* libPods-potato_wise.a */ = {isa = PBXFileReference; explicitFileType = archive.ar; includeInIndex = 0; path = "libPods-potato_wise.a"; sourceTree = BUILT_PRODUCTS_DIR; };
		647D48A05BF0400B8FA1624B /* Roboto-LightItalic.ttf */ = {isa = PBXFileReference; explicitFileType = undefined; fileEncoding = 9; includeInIndex = 0; lastKnownFileType = unknown; name = "Roboto-LightItalic.ttf"; path = "../src/utils/themes/fonts/Roboto-LightItalic.ttf"; sourceTree = "<group>"; };
		7487BF89C4FE4F4087636A70 /* Roboto-Black.ttf */ = {isa = PBXFileReference; explicitFileType = undefined; fileEncoding = 9; includeInIndex = 0; lastKnownFileType = unknown; name = "Roboto-Black.ttf"; path = "../src/utils/themes/fonts/Roboto-Black.ttf"; sourceTree = "<group>"; };
		81AB9BB72411601600AC10FF /* LaunchScreen.storyboard */ = {isa = PBXFileReference; fileEncoding = 4; lastKnownFileType = file.storyboard; name = LaunchScreen.storyboard; path = potato_wise/LaunchScreen.storyboard; sourceTree = "<group>"; };
		84203B0F715C4C408B209D56 /* Roboto-BlackItalic.ttf */ = {isa = PBXFileReference; explicitFileType = undefined; fileEncoding = 9; includeInIndex = 0; lastKnownFileType = unknown; name = "Roboto-BlackItalic.ttf"; path = "../src/utils/themes/fonts/Roboto-BlackItalic.ttf"; sourceTree = "<group>"; };
		89C6BE57DB24E9ADA2F236DE /* Pods-potato_wise-potato_wiseTests.release.xcconfig */ = {isa = PBXFileReference; includeInIndex = 1; lastKnownFileType = text.xcconfig; name = "Pods-potato_wise-potato_wiseTests.release.xcconfig"; path = "Target Support Files/Pods-potato_wise-potato_wiseTests/Pods-potato_wise-potato_wiseTests.release.xcconfig"; sourceTree = "<group>"; };
		B251CCE4BC574305BFBB73AE /* Roboto-Italic.ttf */ = {isa = PBXFileReference; explicitFileType = undefined; fileEncoding = 9; includeInIndex = 0; lastKnownFileType = unknown; name = "Roboto-Italic.ttf"; path = "../src/utils/themes/fonts/Roboto-Italic.ttf"; sourceTree = "<group>"; };
		CCB45C84CB3E437D9D9F0F4B /* Roboto-Light.ttf */ = {isa = PBXFileReference; explicitFileType = undefined; fileEncoding = 9; includeInIndex = 0; lastKnownFileType = unknown; name = "Roboto-Light.ttf"; path = "../src/utils/themes/fonts/Roboto-Light.ttf"; sourceTree = "<group>"; };
		DA55ED07A9A94CDBAB7D9E36 /* Roboto-Thin.ttf */ = {isa = PBXFileReference; explicitFileType = undefined; fileEncoding = 9; includeInIndex = 0; lastKnownFileType = unknown; name = "Roboto-Thin.ttf"; path = "../src/utils/themes/fonts/Roboto-Thin.ttf"; sourceTree = "<group>"; };
		E1836B5181B54E30BC56C305 /* Roboto-ThinItalic.ttf */ = {isa = PBXFileReference; explicitFileType = undefined; fileEncoding = 9; includeInIndex = 0; lastKnownFileType = unknown; name = "Roboto-ThinItalic.ttf"; path = "../src/utils/themes/fonts/Roboto-ThinItalic.ttf"; sourceTree = "<group>"; };
		E528DC2A8B2B438EA72289AD /* Roboto-Medium.ttf */ = {isa = PBXFileReference; explicitFileType = undefined; fileEncoding = 9; includeInIndex = 0; lastKnownFileType = unknown; name = "Roboto-Medium.ttf"; path = "../src/utils/themes/fonts/Roboto-Medium.ttf"; sourceTree = "<group>"; };
		ED297162215061F000B7C4FE /* JavaScriptCore.framework */ = {isa = PBXFileReference; lastKnownFileType = wrapper.framework; name = JavaScriptCore.framework; path = System/Library/Frameworks/JavaScriptCore.framework; sourceTree = SDKROOT; };
		EFD13C1612CC4E12B30095AA /* Roboto-Bold.ttf */ = {isa = PBXFileReference; explicitFileType = undefined; fileEncoding = 9; includeInIndex = 0; lastKnownFileType = unknown; name = "Roboto-Bold.ttf"; path = "../src/utils/themes/fonts/Roboto-Bold.ttf"; sourceTree = "<group>"; };
/* End PBXFileReference section */

/* Begin PBXFrameworksBuildPhase section */
		00E356EB1AD99517003FC87E /* Frameworks */ = {
			isa = PBXFrameworksBuildPhase;
			buildActionMask = 2147483647;
			files = (
				7699B88040F8A987B510C191 /* libPods-potato_wise-potato_wiseTests.a in Frameworks */,
			);
			runOnlyForDeploymentPostprocessing = 0;
		};
		13B07F8C1A680F5B00A75B9A /* Frameworks */ = {
			isa = PBXFrameworksBuildPhase;
			buildActionMask = 2147483647;
			files = (
				0C80B921A6F3F58F76C31292 /* libPods-potato_wise.a in Frameworks */,
			);
			runOnlyForDeploymentPostprocessing = 0;
		};
/* End PBXFrameworksBuildPhase section */

/* Begin PBXGroup section */
		00E356EF1AD99517003FC87E /* potato_wiseTests */ = {
			isa = PBXGroup;
			children = (
				00E356F21AD99517003FC87E /* potato_wiseTests.m */,
				00E356F01AD99517003FC87E /* Supporting Files */,
			);
			path = potato_wiseTests;
			sourceTree = "<group>";
		};
		00E356F01AD99517003FC87E /* Supporting Files */ = {
			isa = PBXGroup;
			children = (
				00E356F11AD99517003FC87E /* Info.plist */,
			);
			name = "Supporting Files";
			sourceTree = "<group>";
		};
		0415A6EB2A85186300B9000B /* Fonts */ = {
			isa = PBXGroup;
			children = (
				0415A6EC2A85186300B9000B /* Fontisto.ttf */,
				0415A6ED2A85186300B9000B /* Octicons.ttf */,
				0415A6EE2A85186300B9000B /* Feather.ttf */,
				0415A6EF2A85186300B9000B /* FontAwesome6_Regular.ttf */,
				0415A6F02A85186300B9000B /* Entypo.ttf */,
				0415A6F12A85186300B9000B /* FontAwesome5_Brands.ttf */,
				0415A6F22A85186300B9000B /* MaterialCommunityIcons.ttf */,
				0415A6F32A85186300B9000B /* AntDesign.ttf */,
				0415A6F42A85186300B9000B /* Foundation.ttf */,
				0415A6F52A85186300B9000B /* Ionicons.ttf */,
				0415A6F62A85186300B9000B /* FontAwesome5_Solid.ttf */,
				0415A6F72A85186300B9000B /* FontAwesome5_Regular.ttf */,
				0415A6F82A85186300B9000B /* FontAwesome.ttf */,
				0415A6F92A85186300B9000B /* Zocial.ttf */,
				0415A6FA2A85186300B9000B /* EvilIcons.ttf */,
				0415A6FB2A85186300B9000B /* FontAwesome6_Solid.ttf */,
				0415A6FC2A85186300B9000B /* SimpleLineIcons.ttf */,
				0415A6FD2A85186300B9000B /* FontAwesome6_Brands.ttf */,
				0415A6FE2A85186300B9000B /* MaterialIcons.ttf */,
			);
			name = Fonts;
			path = "../node_modules/react-native-vector-icons/Fonts";
			sourceTree = "<group>";
		};
		048780072A8432610004BB42 /* Products */ = {
			isa = PBXGroup;
			children = (
				0487800B2A8432610004BB42 /* libSplashScreen.a */,
			);
			name = Products;
			sourceTree = "<group>";
		};
		13B07FAE1A68108700A75B9A /* potato_wise */ = {
			isa = PBXGroup;
			children = (
				0415A6EB2A85186300B9000B /* Fonts */,
				13B07FAF1A68108700A75B9A /* AppDelegate.h */,
				13B07FB01A68108700A75B9A /* AppDelegate.mm */,
				13B07FB51A68108700A75B9A /* Images.xcassets */,
				13B07FB61A68108700A75B9A /* Info.plist */,
				81AB9BB72411601600AC10FF /* LaunchScreen.storyboard */,
				13B07FB71A68108700A75B9A /* main.m */,
			);
			name = potato_wise;
			sourceTree = "<group>";
		};
		2D16E6871FA4F8E400B85C8A /* Frameworks */ = {
			isa = PBXGroup;
			children = (
				ED297162215061F000B7C4FE /* JavaScriptCore.framework */,
				5DCACB8F33CDC322A6C60F78 /* libPods-potato_wise.a */,
				19F6CBCC0A4E27FBF8BF4A61 /* libPods-potato_wise-potato_wiseTests.a */,
			);
			name = Frameworks;
			sourceTree = "<group>";
		};
		347E552137D6459EB34926AF /* Resources */ = {
			isa = PBXGroup;
			children = (
				7487BF89C4FE4F4087636A70 /* Roboto-Black.ttf */,
				84203B0F715C4C408B209D56 /* Roboto-BlackItalic.ttf */,
				EFD13C1612CC4E12B30095AA /* Roboto-Bold.ttf */,
				1462D23A759B460AA3E8287A /* Roboto-BoldItalic.ttf */,
				B251CCE4BC574305BFBB73AE /* Roboto-Italic.ttf */,
				CCB45C84CB3E437D9D9F0F4B /* Roboto-Light.ttf */,
				647D48A05BF0400B8FA1624B /* Roboto-LightItalic.ttf */,
				E528DC2A8B2B438EA72289AD /* Roboto-Medium.ttf */,
				37E34475FB0540D99DF8E38D /* Roboto-MediumItalic.ttf */,
				25110A5E4AE240368CF35B89 /* Roboto-Regular.ttf */,
				DA55ED07A9A94CDBAB7D9E36 /* Roboto-Thin.ttf */,
				E1836B5181B54E30BC56C305 /* Roboto-ThinItalic.ttf */,
				5A18F1FE1B3449D383C6063A /* index.js */,
			);
			name = Resources;
			sourceTree = "<group>";
		};
		832341AE1AAA6A7D00B99B32 /* Libraries */ = {
			isa = PBXGroup;
			children = (
				048780062A8432610004BB42 /* SplashScreen.xcodeproj */,
			);
			name = Libraries;
			sourceTree = "<group>";
		};
		83CBB9F61A601CBA00E9B192 = {
			isa = PBXGroup;
			children = (
				13B07FAE1A68108700A75B9A /* potato_wise */,
				832341AE1AAA6A7D00B99B32 /* Libraries */,
				00E356EF1AD99517003FC87E /* potato_wiseTests */,
				83CBBA001A601CBA00E9B192 /* Products */,
				2D16E6871FA4F8E400B85C8A /* Frameworks */,
				BBD78D7AC51CEA395F1C20DB /* Pods */,
				347E552137D6459EB34926AF /* Resources */,
			);
			indentWidth = 2;
			sourceTree = "<group>";
			tabWidth = 2;
			usesTabs = 0;
		};
		83CBBA001A601CBA00E9B192 /* Products */ = {
			isa = PBXGroup;
			children = (
				13B07F961A680F5B00A75B9A /* potato_wise.app */,
				00E356EE1AD99517003FC87E /* potato_wiseTests.xctest */,
			);
			name = Products;
			sourceTree = "<group>";
		};
		BBD78D7AC51CEA395F1C20DB /* Pods */ = {
			isa = PBXGroup;
			children = (
				3B4392A12AC88292D35C810B /* Pods-potato_wise.debug.xcconfig */,
				5709B34CF0A7D63546082F79 /* Pods-potato_wise.release.xcconfig */,
				5B7EB9410499542E8C5724F5 /* Pods-potato_wise-potato_wiseTests.debug.xcconfig */,
				89C6BE57DB24E9ADA2F236DE /* Pods-potato_wise-potato_wiseTests.release.xcconfig */,
			);
			path = Pods;
			sourceTree = "<group>";
		};
/* End PBXGroup section */

/* Begin PBXNativeTarget section */
		00E356ED1AD99517003FC87E /* potato_wiseTests */ = {
			isa = PBXNativeTarget;
			buildConfigurationList = 00E357021AD99517003FC87E /* Build configuration list for PBXNativeTarget "potato_wiseTests" */;
			buildPhases = (
				A55EABD7B0C7F3A422A6CC61 /* [CP] Check Pods Manifest.lock */,
				00E356EA1AD99517003FC87E /* Sources */,
				00E356EB1AD99517003FC87E /* Frameworks */,
				00E356EC1AD99517003FC87E /* Resources */,
				C59DA0FBD6956966B86A3779 /* [CP] Embed Pods Frameworks */,
				F6A41C54EA430FDDC6A6ED99 /* [CP] Copy Pods Resources */,
			);
			buildRules = (
			);
			dependencies = (
				00E356F51AD99517003FC87E /* PBXTargetDependency */,
			);
			name = potato_wiseTests;
			productName = potato_wiseTests;
			productReference = 00E356EE1AD99517003FC87E /* potato_wiseTests.xctest */;
			productType = "com.apple.product-type.bundle.unit-test";
		};
		13B07F861A680F5B00A75B9A /* potato_wise */ = {
			isa = PBXNativeTarget;
			buildConfigurationList = 13B07F931A680F5B00A75B9A /* Build configuration list for PBXNativeTarget "potato_wise" */;
			buildPhases = (
				C38B50BA6285516D6DCD4F65 /* [CP] Check Pods Manifest.lock */,
				FD10A7F022414F080027D42C /* Start Packager */,
				13B07F871A680F5B00A75B9A /* Sources */,
				13B07F8C1A680F5B00A75B9A /* Frameworks */,
				13B07F8E1A680F5B00A75B9A /* Resources */,
				00DD1BFF1BD5951E006B06BC /* Bundle React Native code and images */,
				00EEFC60759A1932668264C0 /* [CP] Embed Pods Frameworks */,
				E235C05ADACE081382539298 /* [CP] Copy Pods Resources */,
			);
			buildRules = (
			);
			dependencies = (
			);
			name = potato_wise;
			productName = potato_wise;
			productReference = 13B07F961A680F5B00A75B9A /* potato_wise.app */;
			productType = "com.apple.product-type.application";
		};
/* End PBXNativeTarget section */

/* Begin PBXProject section */
		83CBB9F71A601CBA00E9B192 /* Project object */ = {
			isa = PBXProject;
			attributes = {
				LastUpgradeCheck = 1210;
				TargetAttributes = {
					00E356ED1AD99517003FC87E = {
						CreatedOnToolsVersion = 6.2;
						TestTargetID = 13B07F861A680F5B00A75B9A;
					};
					13B07F861A680F5B00A75B9A = {
						LastSwiftMigration = 1120;
					};
				};
			};
			buildConfigurationList = 83CBB9FA1A601CBA00E9B192 /* Build configuration list for PBXProject "potato_wise" */;
			compatibilityVersion = "Xcode 12.0";
			developmentRegion = en;
			hasScannedForEncodings = 0;
			knownRegions = (
				en,
				Base,
			);
			mainGroup = 83CBB9F61A601CBA00E9B192;
			productRefGroup = 83CBBA001A601CBA00E9B192 /* Products */;
			projectDirPath = "";
			projectReferences = (
				{
					ProductGroup = 048780072A8432610004BB42 /* Products */;
					ProjectRef = 048780062A8432610004BB42 /* SplashScreen.xcodeproj */;
				},
			);
			projectRoot = "";
			targets = (
				13B07F861A680F5B00A75B9A /* potato_wise */,
				00E356ED1AD99517003FC87E /* potato_wiseTests */,
			);
		};
/* End PBXProject section */

/* Begin PBXReferenceProxy section */
		0487800B2A8432610004BB42 /* libSplashScreen.a */ = {
			isa = PBXReferenceProxy;
			fileType = archive.ar;
			path = libSplashScreen.a;
			remoteRef = 0487800A2A8432610004BB42 /* PBXContainerItemProxy */;
			sourceTree = BUILT_PRODUCTS_DIR;
		};
/* End PBXReferenceProxy section */

/* Begin PBXResourcesBuildPhase section */
		00E356EC1AD99517003FC87E /* Resources */ = {
			isa = PBXResourcesBuildPhase;
			buildActionMask = 2147483647;
			files = (
			);
			runOnlyForDeploymentPostprocessing = 0;
		};
		13B07F8E1A680F5B00A75B9A /* Resources */ = {
			isa = PBXResourcesBuildPhase;
			buildActionMask = 2147483647;
			files = (
				81AB9BB82411601600AC10FF /* LaunchScreen.storyboard in Resources */,
				13B07FBF1A68108700A75B9A /* Images.xcassets in Resources */,
				50DBC8F3570B414DAE665DD4 /* Roboto-Black.ttf in Resources */,
				0415A7092A85186400B9000B /* FontAwesome5_Solid.ttf in Resources */,
				153FE7BF291E416393D8F180 /* Roboto-BlackItalic.ttf in Resources */,
				DBC8C244759D4483B023A05C /* Roboto-Bold.ttf in Resources */,
				0415A70A2A85186400B9000B /* FontAwesome5_Regular.ttf in Resources */,
				0415A7002A85186400B9000B /* Octicons.ttf in Resources */,
				0415A7062A85186400B9000B /* AntDesign.ttf in Resources */,
				5D92B19477DF482FAF2A9B54 /* Roboto-BoldItalic.ttf in Resources */,
				9C430CB4372D4480AAAB42C3 /* Roboto-Italic.ttf in Resources */,
				0415A7072A85186400B9000B /* Foundation.ttf in Resources */,
				0415A7082A85186400B9000B /* Ionicons.ttf in Resources */,
				0415A70D2A85186400B9000B /* EvilIcons.ttf in Resources */,
				0415A70E2A85186400B9000B /* FontAwesome6_Solid.ttf in Resources */,
				0415A7012A85186400B9000B /* Feather.ttf in Resources */,
				77916DC1E697402D85B0F5D7 /* Roboto-Light.ttf in Resources */,
				0415A70C2A85186400B9000B /* Zocial.ttf in Resources */,
				0415A70B2A85186400B9000B /* FontAwesome.ttf in Resources */,
				5AABCA8569A04E6097167278 /* Roboto-LightItalic.ttf in Resources */,
				1FB85B0371EB4FB28DCB12B4 /* Roboto-Medium.ttf in Resources */,
				0415A7052A85186400B9000B /* MaterialCommunityIcons.ttf in Resources */,
				0415A7042A85186400B9000B /* FontAwesome5_Brands.ttf in Resources */,
				09CCC246FCA146B1AC2467AB /* Roboto-MediumItalic.ttf in Resources */,
				0415A7032A85186400B9000B /* Entypo.ttf in Resources */,
				0415A7022A85186400B9000B /* FontAwesome6_Regular.ttf in Resources */,
				832159115CBC4443B0FFD934 /* Roboto-Regular.ttf in Resources */,
				51ABD0E8600D4F889FC55012 /* Roboto-Thin.ttf in Resources */,
				0415A7112A85186400B9000B /* MaterialIcons.ttf in Resources */,
				FB1F74112F4F4F72ABC9DBFC /* Roboto-ThinItalic.ttf in Resources */,
				0415A70F2A85186400B9000B /* SimpleLineIcons.ttf in Resources */,
				0415A6FF2A85186400B9000B /* Fontisto.ttf in Resources */,
				0415A7102A85186400B9000B /* FontAwesome6_Brands.ttf in Resources */,
				7989955D9EC041BE9BEA51F3 /* index.js in Resources */,
			);
			runOnlyForDeploymentPostprocessing = 0;
		};
/* End PBXResourcesBuildPhase section */

/* Begin PBXShellScriptBuildPhase section */
		00DD1BFF1BD5951E006B06BC /* Bundle React Native code and images */ = {
			isa = PBXShellScriptBuildPhase;
			buildActionMask = 2147483647;
			files = (
			);
			inputPaths = (
				"$(SRCROOT)/.xcode.env.local",
				"$(SRCROOT)/.xcode.env",
			);
			name = "Bundle React Native code and images";
			outputPaths = (
			);
			runOnlyForDeploymentPostprocessing = 0;
			shellPath = /bin/sh;
			shellScript = "set -e\n\nWITH_ENVIRONMENT=\"../node_modules/react-native/scripts/xcode/with-environment.sh\"\nREACT_NATIVE_XCODE=\"../node_modules/react-native/scripts/react-native-xcode.sh\"\n\n/bin/sh -c \"$WITH_ENVIRONMENT $REACT_NATIVE_XCODE\"\n";
		};
		00EEFC60759A1932668264C0 /* [CP] Embed Pods Frameworks */ = {
			isa = PBXShellScriptBuildPhase;
			buildActionMask = 2147483647;
			files = (
			);
			inputFileListPaths = (
				"${PODS_ROOT}/Target Support Files/Pods-potato_wise/Pods-potato_wise-frameworks-${CONFIGURATION}-input-files.xcfilelist",
			);
			name = "[CP] Embed Pods Frameworks";
			outputFileListPaths = (
				"${PODS_ROOT}/Target Support Files/Pods-potato_wise/Pods-potato_wise-frameworks-${CONFIGURATION}-output-files.xcfilelist",
			);
			runOnlyForDeploymentPostprocessing = 0;
			shellPath = /bin/sh;
			shellScript = "\"${PODS_ROOT}/Target Support Files/Pods-potato_wise/Pods-potato_wise-frameworks.sh\"\n";
			showEnvVarsInLog = 0;
		};
		A55EABD7B0C7F3A422A6CC61 /* [CP] Check Pods Manifest.lock */ = {
			isa = PBXShellScriptBuildPhase;
			buildActionMask = 2147483647;
			files = (
			);
			inputFileListPaths = (
			);
			inputPaths = (
				"${PODS_PODFILE_DIR_PATH}/Podfile.lock",
				"${PODS_ROOT}/Manifest.lock",
			);
			name = "[CP] Check Pods Manifest.lock";
			outputFileListPaths = (
			);
			outputPaths = (
				"$(DERIVED_FILE_DIR)/Pods-potato_wise-potato_wiseTests-checkManifestLockResult.txt",
			);
			runOnlyForDeploymentPostprocessing = 0;
			shellPath = /bin/sh;
			shellScript = "diff \"${PODS_PODFILE_DIR_PATH}/Podfile.lock\" \"${PODS_ROOT}/Manifest.lock\" > /dev/null\nif [ $? != 0 ] ; then\n    # print error to STDERR\n    echo \"error: The sandbox is not in sync with the Podfile.lock. Run 'pod install' or update your CocoaPods installation.\" >&2\n    exit 1\nfi\n# This output is used by Xcode 'outputs' to avoid re-running this script phase.\necho \"SUCCESS\" > \"${SCRIPT_OUTPUT_FILE_0}\"\n";
			showEnvVarsInLog = 0;
		};
		C38B50BA6285516D6DCD4F65 /* [CP] Check Pods Manifest.lock */ = {
			isa = PBXShellScriptBuildPhase;
			buildActionMask = 2147483647;
			files = (
			);
			inputFileListPaths = (
			);
			inputPaths = (
				"${PODS_PODFILE_DIR_PATH}/Podfile.lock",
				"${PODS_ROOT}/Manifest.lock",
			);
			name = "[CP] Check Pods Manifest.lock";
			outputFileListPaths = (
			);
			outputPaths = (
				"$(DERIVED_FILE_DIR)/Pods-potato_wise-checkManifestLockResult.txt",
			);
			runOnlyForDeploymentPostprocessing = 0;
			shellPath = /bin/sh;
			shellScript = "diff \"${PODS_PODFILE_DIR_PATH}/Podfile.lock\" \"${PODS_ROOT}/Manifest.lock\" > /dev/null\nif [ $? != 0 ] ; then\n    # print error to STDERR\n    echo \"error: The sandbox is not in sync with the Podfile.lock. Run 'pod install' or update your CocoaPods installation.\" >&2\n    exit 1\nfi\n# This output is used by Xcode 'outputs' to avoid re-running this script phase.\necho \"SUCCESS\" > \"${SCRIPT_OUTPUT_FILE_0}\"\n";
			showEnvVarsInLog = 0;
		};
		C59DA0FBD6956966B86A3779 /* [CP] Embed Pods Frameworks */ = {
			isa = PBXShellScriptBuildPhase;
			buildActionMask = 2147483647;
			files = (
			);
			inputFileListPaths = (
				"${PODS_ROOT}/Target Support Files/Pods-potato_wise-potato_wiseTests/Pods-potato_wise-potato_wiseTests-frameworks-${CONFIGURATION}-input-files.xcfilelist",
			);
			name = "[CP] Embed Pods Frameworks";
			outputFileListPaths = (
				"${PODS_ROOT}/Target Support Files/Pods-potato_wise-potato_wiseTests/Pods-potato_wise-potato_wiseTests-frameworks-${CONFIGURATION}-output-files.xcfilelist",
			);
			runOnlyForDeploymentPostprocessing = 0;
			shellPath = /bin/sh;
			shellScript = "\"${PODS_ROOT}/Target Support Files/Pods-potato_wise-potato_wiseTests/Pods-potato_wise-potato_wiseTests-frameworks.sh\"\n";
			showEnvVarsInLog = 0;
		};
		E235C05ADACE081382539298 /* [CP] Copy Pods Resources */ = {
			isa = PBXShellScriptBuildPhase;
			buildActionMask = 2147483647;
			files = (
			);
			inputFileListPaths = (
				"${PODS_ROOT}/Target Support Files/Pods-potato_wise/Pods-potato_wise-resources-${CONFIGURATION}-input-files.xcfilelist",
			);
			name = "[CP] Copy Pods Resources";
			outputFileListPaths = (
				"${PODS_ROOT}/Target Support Files/Pods-potato_wise/Pods-potato_wise-resources-${CONFIGURATION}-output-files.xcfilelist",
			);
			runOnlyForDeploymentPostprocessing = 0;
			shellPath = /bin/sh;
			shellScript = "\"${PODS_ROOT}/Target Support Files/Pods-potato_wise/Pods-potato_wise-resources.sh\"\n";
			showEnvVarsInLog = 0;
		};
		F6A41C54EA430FDDC6A6ED99 /* [CP] Copy Pods Resources */ = {
			isa = PBXShellScriptBuildPhase;
			buildActionMask = 2147483647;
			files = (
			);
			inputFileListPaths = (
				"${PODS_ROOT}/Target Support Files/Pods-potato_wise-potato_wiseTests/Pods-potato_wise-potato_wiseTests-resources-${CONFIGURATION}-input-files.xcfilelist",
			);
			name = "[CP] Copy Pods Resources";
			outputFileListPaths = (
				"${PODS_ROOT}/Target Support Files/Pods-potato_wise-potato_wiseTests/Pods-potato_wise-potato_wiseTests-resources-${CONFIGURATION}-output-files.xcfilelist",
			);
			runOnlyForDeploymentPostprocessing = 0;
			shellPath = /bin/sh;
			shellScript = "\"${PODS_ROOT}/Target Support Files/Pods-potato_wise-potato_wiseTests/Pods-potato_wise-potato_wiseTests-resources.sh\"\n";
			showEnvVarsInLog = 0;
		};
		FD10A7F022414F080027D42C /* Start Packager */ = {
			isa = PBXShellScriptBuildPhase;
			buildActionMask = 2147483647;
			files = (
			);
			inputFileListPaths = (
			);
			inputPaths = (
			);
			name = "Start Packager";
			outputFileListPaths = (
			);
			outputPaths = (
			);
			runOnlyForDeploymentPostprocessing = 0;
			shellPath = /bin/sh;
			shellScript = "export RCT_METRO_PORT=\"${RCT_METRO_PORT:=8081}\"\necho \"export RCT_METRO_PORT=${RCT_METRO_PORT}\" > \"${SRCROOT}/../node_modules/react-native/scripts/.packager.env\"\nif [ -z \"${RCT_NO_LAUNCH_PACKAGER+xxx}\" ] ; then\n  if nc -w 5 -z localhost ${RCT_METRO_PORT} ; then\n    if ! curl -s \"http://localhost:${RCT_METRO_PORT}/status\" | grep -q \"packager-status:running\" ; then\n      echo \"Port ${RCT_METRO_PORT} already in use, packager is either not running or not running correctly\"\n      exit 2\n    fi\n  else\n    open \"$SRCROOT/../node_modules/react-native/scripts/launchPackager.command\" || echo \"Can't start packager automatically\"\n  fi\nfi\n";
			showEnvVarsInLog = 0;
		};
/* End PBXShellScriptBuildPhase section */

/* Begin PBXSourcesBuildPhase section */
		00E356EA1AD99517003FC87E /* Sources */ = {
			isa = PBXSourcesBuildPhase;
			buildActionMask = 2147483647;
			files = (
				00E356F31AD99517003FC87E /* potato_wiseTests.m in Sources */,
			);
			runOnlyForDeploymentPostprocessing = 0;
		};
		13B07F871A680F5B00A75B9A /* Sources */ = {
			isa = PBXSourcesBuildPhase;
			buildActionMask = 2147483647;
			files = (
				13B07FBC1A68108700A75B9A /* AppDelegate.mm in Sources */,
				13B07FC11A68108700A75B9A /* main.m in Sources */,
			);
			runOnlyForDeploymentPostprocessing = 0;
		};
/* End PBXSourcesBuildPhase section */

/* Begin PBXTargetDependency section */
		00E356F51AD99517003FC87E /* PBXTargetDependency */ = {
			isa = PBXTargetDependency;
			target = 13B07F861A680F5B00A75B9A /* potato_wise */;
			targetProxy = 00E356F41AD99517003FC87E /* PBXContainerItemProxy */;
		};
/* End PBXTargetDependency section */

/* Begin XCBuildConfiguration section */
		00E356F61AD99517003FC87E /* Debug */ = {
			isa = XCBuildConfiguration;
			baseConfigurationReference = 5B7EB9410499542E8C5724F5 /* Pods-potato_wise-potato_wiseTests.debug.xcconfig */;
			buildSettings = {
				BUNDLE_LOADER = "$(TEST_HOST)";
				GCC_PREPROCESSOR_DEFINITIONS = (
					"DEBUG=1",
					"$(inherited)",
				);
				INFOPLIST_FILE = potato_wiseTests/Info.plist;
				IPHONEOS_DEPLOYMENT_TARGET = 12.4;
				LD_RUNPATH_SEARCH_PATHS = (
					"$(inherited)",
					"@executable_path/Frameworks",
					"@loader_path/Frameworks",
				);
				OTHER_LDFLAGS = (
					"-ObjC",
					"-lc++",
					"$(inherited)",
				);
				PRODUCT_BUNDLE_IDENTIFIER = "org.reactjs.native.example.$(PRODUCT_NAME:rfc1034identifier)";
				PRODUCT_NAME = "$(TARGET_NAME)";
				TEST_HOST = "$(BUILT_PRODUCTS_DIR)/potato_wise.app/potato_wise";
			};
			name = Debug;
		};
		00E356F71AD99517003FC87E /* Release */ = {
			isa = XCBuildConfiguration;
			baseConfigurationReference = 89C6BE57DB24E9ADA2F236DE /* Pods-potato_wise-potato_wiseTests.release.xcconfig */;
			buildSettings = {
				BUNDLE_LOADER = "$(TEST_HOST)";
				COPY_PHASE_STRIP = NO;
				INFOPLIST_FILE = potato_wiseTests/Info.plist;
				IPHONEOS_DEPLOYMENT_TARGET = 12.4;
				LD_RUNPATH_SEARCH_PATHS = (
					"$(inherited)",
					"@executable_path/Frameworks",
					"@loader_path/Frameworks",
				);
				OTHER_LDFLAGS = (
					"-ObjC",
					"-lc++",
					"$(inherited)",
				);
				PRODUCT_BUNDLE_IDENTIFIER = "org.reactjs.native.example.$(PRODUCT_NAME:rfc1034identifier)";
				PRODUCT_NAME = "$(TARGET_NAME)";
				TEST_HOST = "$(BUILT_PRODUCTS_DIR)/potato_wise.app/potato_wise";
			};
			name = Release;
		};
		13B07F941A680F5B00A75B9A /* Debug */ = {
			isa = XCBuildConfiguration;
			baseConfigurationReference = 3B4392A12AC88292D35C810B /* Pods-potato_wise.debug.xcconfig */;
			buildSettings = {
				ASSETCATALOG_COMPILER_APPICON_NAME = AppIcon;
				CLANG_ENABLE_MODULES = YES;
				CURRENT_PROJECT_VERSION = 1;
				DEVELOPMENT_TEAM = U9956DXTJ4;
				ENABLE_BITCODE = NO;
				INFOPLIST_FILE = potato_wise/Info.plist;
				LD_RUNPATH_SEARCH_PATHS = (
					"$(inherited)",
					"@executable_path/Frameworks",
				);
				MARKETING_VERSION = 1.0;
				OTHER_LDFLAGS = (
					"$(inherited)",
					"-ObjC",
					"-lc++",
				);
				PRODUCT_BUNDLE_IDENTIFIER = "org.reactjs.native.example.$(PRODUCT_NAME:rfc1034identifier)";
				PRODUCT_NAME = potato_wise;
				SWIFT_OPTIMIZATION_LEVEL = "-Onone";
				SWIFT_VERSION = 5.0;
				VERSIONING_SYSTEM = "apple-generic";
			};
			name = Debug;
		};
		13B07F951A680F5B00A75B9A /* Release */ = {
			isa = XCBuildConfiguration;
			baseConfigurationReference = 5709B34CF0A7D63546082F79 /* Pods-potato_wise.release.xcconfig */;
			buildSettings = {
				ASSETCATALOG_COMPILER_APPICON_NAME = AppIcon;
				CLANG_ENABLE_MODULES = YES;
				CURRENT_PROJECT_VERSION = 1;
				DEVELOPMENT_TEAM = U9956DXTJ4;
				INFOPLIST_FILE = potato_wise/Info.plist;
				LD_RUNPATH_SEARCH_PATHS = (
					"$(inherited)",
					"@executable_path/Frameworks",
				);
				MARKETING_VERSION = 1.0;
				OTHER_LDFLAGS = (
					"$(inherited)",
					"-ObjC",
					"-lc++",
				);
				PRODUCT_BUNDLE_IDENTIFIER = "org.reactjs.native.example.$(PRODUCT_NAME:rfc1034identifier)";
				PRODUCT_NAME = potato_wise;
				SWIFT_VERSION = 5.0;
				VERSIONING_SYSTEM = "apple-generic";
			};
			name = Release;
		};
		83CBBA201A601CBA00E9B192 /* Debug */ = {
			isa = XCBuildConfiguration;
			buildSettings = {
				ALWAYS_SEARCH_USER_PATHS = NO;
				CLANG_ANALYZER_LOCALIZABILITY_NONLOCALIZED = YES;
				CLANG_CXX_LANGUAGE_STANDARD = "c++17";
				CLANG_CXX_LIBRARY = "libc++";
				CLANG_ENABLE_MODULES = YES;
				CLANG_ENABLE_OBJC_ARC = YES;
				CLANG_WARN_BLOCK_CAPTURE_AUTORELEASING = YES;
				CLANG_WARN_BOOL_CONVERSION = YES;
				CLANG_WARN_COMMA = YES;
				CLANG_WARN_CONSTANT_CONVERSION = YES;
				CLANG_WARN_DEPRECATED_OBJC_IMPLEMENTATIONS = YES;
				CLANG_WARN_DIRECT_OBJC_ISA_USAGE = YES_ERROR;
				CLANG_WARN_EMPTY_BODY = YES;
				CLANG_WARN_ENUM_CONVERSION = YES;
				CLANG_WARN_INFINITE_RECURSION = YES;
				CLANG_WARN_INT_CONVERSION = YES;
				CLANG_WARN_NON_LITERAL_NULL_CONVERSION = YES;
				CLANG_WARN_OBJC_IMPLICIT_RETAIN_SELF = YES;
				CLANG_WARN_OBJC_LITERAL_CONVERSION = YES;
				CLANG_WARN_OBJC_ROOT_CLASS = YES_ERROR;
				CLANG_WARN_QUOTED_INCLUDE_IN_FRAMEWORK_HEADER = YES;
				CLANG_WARN_RANGE_LOOP_ANALYSIS = YES;
				CLANG_WARN_STRICT_PROTOTYPES = YES;
				CLANG_WARN_SUSPICIOUS_MOVE = YES;
				CLANG_WARN_UNREACHABLE_CODE = YES;
				CLANG_WARN__DUPLICATE_METHOD_MATCH = YES;
				"CODE_SIGN_IDENTITY[sdk=iphoneos*]" = "iPhone Developer";
				COPY_PHASE_STRIP = NO;
				ENABLE_STRICT_OBJC_MSGSEND = YES;
				ENABLE_TESTABILITY = YES;
				"EXCLUDED_ARCHS[sdk=iphonesimulator*]" = i386;
				GCC_C_LANGUAGE_STANDARD = gnu99;
				GCC_DYNAMIC_NO_PIC = NO;
				GCC_NO_COMMON_BLOCKS = YES;
				GCC_OPTIMIZATION_LEVEL = 0;
				GCC_PREPROCESSOR_DEFINITIONS = (
					"DEBUG=1",
					"$(inherited)",
				);
				GCC_SYMBOLS_PRIVATE_EXTERN = NO;
				GCC_WARN_64_TO_32_BIT_CONVERSION = YES;
				GCC_WARN_ABOUT_RETURN_TYPE = YES_ERROR;
				GCC_WARN_UNDECLARED_SELECTOR = YES;
				GCC_WARN_UNINITIALIZED_AUTOS = YES_AGGRESSIVE;
				GCC_WARN_UNUSED_FUNCTION = YES;
				GCC_WARN_UNUSED_VARIABLE = YES;
				IPHONEOS_DEPLOYMENT_TARGET = 12.4;
				LD_RUNPATH_SEARCH_PATHS = (
					/usr/lib/swift,
					"$(inherited)",
				);
				LIBRARY_SEARCH_PATHS = (
					"\"$(SDKROOT)/usr/lib/swift\"",
					"\"$(TOOLCHAIN_DIR)/usr/lib/swift/$(PLATFORM_NAME)\"",
					"\"$(inherited)\"",
				);
				MTL_ENABLE_DEBUG_INFO = YES;
				ONLY_ACTIVE_ARCH = YES;
				OTHER_CFLAGS = (
					"$(inherited)",
					" ",
				);
				OTHER_CPLUSPLUSFLAGS = (
					"$(OTHER_CFLAGS)",
					"-DFOLLY_NO_CONFIG",
					"-DFOLLY_MOBILE=1",
					"-DFOLLY_USE_LIBCPP=1",
					" ",
				);
				REACT_NATIVE_PATH = "${PODS_ROOT}/../../node_modules/react-native";
				SDKROOT = iphoneos;
			};
			name = Debug;
		};
		83CBBA211A601CBA00E9B192 /* Release */ = {
			isa = XCBuildConfiguration;
			buildSettings = {
				ALWAYS_SEARCH_USER_PATHS = NO;
				CLANG_ANALYZER_LOCALIZABILITY_NONLOCALIZED = YES;
				CLANG_CXX_LANGUAGE_STANDARD = "c++17";
				CLANG_CXX_LIBRARY = "libc++";
				CLANG_ENABLE_MODULES = YES;
				CLANG_ENABLE_OBJC_ARC = YES;
				CLANG_WARN_BLOCK_CAPTURE_AUTORELEASING = YES;
				CLANG_WARN_BOOL_CONVERSION = YES;
				CLANG_WARN_COMMA = YES;
				CLANG_WARN_CONSTANT_CONVERSION = YES;
				CLANG_WARN_DEPRECATED_OBJC_IMPLEMENTATIONS = YES;
				CLANG_WARN_DIRECT_OBJC_ISA_USAGE = YES_ERROR;
				CLANG_WARN_EMPTY_BODY = YES;
				CLANG_WARN_ENUM_CONVERSION = YES;
				CLANG_WARN_INFINITE_RECURSION = YES;
				CLANG_WARN_INT_CONVERSION = YES;
				CLANG_WARN_NON_LITERAL_NULL_CONVERSION = YES;
				CLANG_WARN_OBJC_IMPLICIT_RETAIN_SELF = YES;
				CLANG_WARN_OBJC_LITERAL_CONVERSION = YES;
				CLANG_WARN_OBJC_ROOT_CLASS = YES_ERROR;
				CLANG_WARN_QUOTED_INCLUDE_IN_FRAMEWORK_HEADER = YES;
				CLANG_WARN_RANGE_LOOP_ANALYSIS = YES;
				CLANG_WARN_STRICT_PROTOTYPES = YES;
				CLANG_WARN_SUSPICIOUS_MOVE = YES;
				CLANG_WARN_UNREACHABLE_CODE = YES;
				CLANG_WARN__DUPLICATE_METHOD_MATCH = YES;
				"CODE_SIGN_IDENTITY[sdk=iphoneos*]" = "iPhone Developer";
				COPY_PHASE_STRIP = YES;
				ENABLE_NS_ASSERTIONS = NO;
				ENABLE_STRICT_OBJC_MSGSEND = YES;
				"EXCLUDED_ARCHS[sdk=iphonesimulator*]" = i386;
				GCC_C_LANGUAGE_STANDARD = gnu99;
				GCC_NO_COMMON_BLOCKS = YES;
				GCC_WARN_64_TO_32_BIT_CONVERSION = YES;
				GCC_WARN_ABOUT_RETURN_TYPE = YES_ERROR;
				GCC_WARN_UNDECLARED_SELECTOR = YES;
				GCC_WARN_UNINITIALIZED_AUTOS = YES_AGGRESSIVE;
				GCC_WARN_UNUSED_FUNCTION = YES;
				GCC_WARN_UNUSED_VARIABLE = YES;
				IPHONEOS_DEPLOYMENT_TARGET = 12.4;
				LD_RUNPATH_SEARCH_PATHS = (
					/usr/lib/swift,
					"$(inherited)",
				);
				LIBRARY_SEARCH_PATHS = (
					"\"$(SDKROOT)/usr/lib/swift\"",
					"\"$(TOOLCHAIN_DIR)/usr/lib/swift/$(PLATFORM_NAME)\"",
					"\"$(inherited)\"",
				);
				MTL_ENABLE_DEBUG_INFO = NO;
				OTHER_CFLAGS = (
					"$(inherited)",
					" ",
				);
				OTHER_CPLUSPLUSFLAGS = (
					"$(OTHER_CFLAGS)",
					"-DFOLLY_NO_CONFIG",
					"-DFOLLY_MOBILE=1",
					"-DFOLLY_USE_LIBCPP=1",
					" ",
				);
				REACT_NATIVE_PATH = "${PODS_ROOT}/../../node_modules/react-native";
				SDKROOT = iphoneos;
				VALIDATE_PRODUCT = YES;
			};
			name = Release;
		};
/* End XCBuildConfiguration section */

/* Begin XCConfigurationList section */
		00E357021AD99517003FC87E /* Build configuration list for PBXNativeTarget "potato_wiseTests" */ = {
			isa = XCConfigurationList;
			buildConfigurations = (
				00E356F61AD99517003FC87E /* Debug */,
				00E356F71AD99517003FC87E /* Release */,
			);
			defaultConfigurationIsVisible = 0;
			defaultConfigurationName = Release;
		};
		13B07F931A680F5B00A75B9A /* Build configuration list for PBXNativeTarget "potato_wise" */ = {
			isa = XCConfigurationList;
			buildConfigurations = (
				13B07F941A680F5B00A75B9A /* Debug */,
				13B07F951A680F5B00A75B9A /* Release */,
			);
			defaultConfigurationIsVisible = 0;
			defaultConfigurationName = Release;
		};
		83CBB9FA1A601CBA00E9B192 /* Build configuration list for PBXProject "potato_wise" */ = {
			isa = XCConfigurationList;
			buildConfigurations = (
				83CBBA201A601CBA00E9B192 /* Debug */,
				83CBBA211A601CBA00E9B192 /* Release */,
			);
			defaultConfigurationIsVisible = 0;
			defaultConfigurationName = Release;
		};
/* End XCConfigurationList section */
	};
	rootObject = 83CBB9F71A601CBA00E9B192 /* Project object */;
}
